
Microsoft Visual Studio Solution File, Format Version 12.00
# Visual Studio Version 17
VisualStudioVersion = 17.10.35004.147
MinimumVisualStudioVersion = 10.0.40219.1
Project("{9A19103F-16F7-4668-BE54-9A1E7A4F7556}") = "LibConsola", "LibConsola\LibConsola.csproj", "{0623097E-41C3-40CF-8207-7BD2C3958893}"
EndProject
Project("{9A19103F-16F7-4668-BE54-9A1E7A4F7556}") = "LibLog", "LibLog\LibLog.csproj", "{F7EE6EA0-BAE8-46B5-94BD-6A22B310052B}"
EndProject
Global
	GlobalSection(SolutionConfigurationPlatforms) = preSolution
		Debug|Any CPU = Debug|Any CPU
		Release|Any CPU = Release|Any CPU
	EndGlobalSection
	GlobalSection(ProjectConfigurationPlatforms) = postSolution
		{0623097E-41C3-40CF-8207-7BD2C3958893}.Debug|Any CPU.ActiveCfg = Debug|Any CPU
		{0623097E-41C3-40CF-8207-7BD2C3958893}.Debug|Any CPU.Build.0 = Debug|Any CPU
		{0623097E-41C3-40CF-8207-7BD2C3958893}.Release|Any CPU.ActiveCfg = Release|Any CPU
		{0623097E-41C3-40CF-8207-7BD2C3958893}.Release|Any CPU.Build.0 = Release|Any CPU
		{F7EE6EA0-BAE8-46B5-94BD-6A22B310052B}.Debug|Any CPU.ActiveCfg = Debug|Any CPU
		{F7EE6EA0-BAE8-46B5-94BD-6A22B310052B}.Debug|Any CPU.Build.0 = Debug|Any CPU
		{F7EE6EA0-BAE8-46B5-94BD-6A22B310052B}.Release|Any CPU.ActiveCfg = Release|Any CPU
		{F7EE6EA0-BAE8-46B5-94BD-6A22B310052B}.Release|Any CPU.Build.0 = Release|Any CPU
	EndGlobalSection
	GlobalSection(SolutionProperties) = preSolution
		HideSolutionNode = FALSE
	EndGlobalSection
	GlobalSection(ExtensibilityGlobals) = postSolution
		SolutionGuid = {649CA971-EB96-47AB-958A-367D9BEA41D9}
	EndGlobalSection
EndGlobal
